// !$*UTF8*$!
{
	archiveVersion = 1;
	classes = {
	};
	objectVersion = 55;
	objects = {

/* Begin PBXBuildFile section */
		C6CB0B05279FCC6200A5BD48 /* Tests_iOS.swift in Sources */ = {isa = PBXBuildFile; fileRef = C6CB0B04279FCC6200A5BD48 /* Tests_iOS.swift */; };
		C6CB0B07279FCC6300A5BD48 /* Tests_iOSLaunchTests.swift in Sources */ = {isa = PBXBuildFile; fileRef = C6CB0B06279FCC6300A5BD48 /* Tests_iOSLaunchTests.swift */; };
		C6CB0B11279FCC6300A5BD48 /* Tests_macOS.swift in Sources */ = {isa = PBXBuildFile; fileRef = C6CB0B10279FCC6300A5BD48 /* Tests_macOS.swift */; };
		C6CB0B13279FCC6300A5BD48 /* Tests_macOSLaunchTests.swift in Sources */ = {isa = PBXBuildFile; fileRef = C6CB0B12279FCC6300A5BD48 /* Tests_macOSLaunchTests.swift */; };
		C6CB0B14279FCC6300A5BD48 /* study_swiftuiApp.swift in Sources */ = {isa = PBXBuildFile; fileRef = C6CB0AEC279FCC6100A5BD48 /* study_swiftuiApp.swift */; };
		C6CB0B15279FCC6300A5BD48 /* study_swiftuiApp.swift in Sources */ = {isa = PBXBuildFile; fileRef = C6CB0AEC279FCC6100A5BD48 /* study_swiftuiApp.swift */; };
		C6CB0B16279FCC6300A5BD48 /* ContentView.swift in Sources */ = {isa = PBXBuildFile; fileRef = C6CB0AED279FCC6100A5BD48 /* ContentView.swift */; };
		C6CB0B17279FCC6300A5BD48 /* ContentView.swift in Sources */ = {isa = PBXBuildFile; fileRef = C6CB0AED279FCC6100A5BD48 /* ContentView.swift */; };
		C6CB0B18279FCC6300A5BD48 /* Assets.xcassets in Resources */ = {isa = PBXBuildFile; fileRef = C6CB0AEE279FCC6200A5BD48 /* Assets.xcassets */; };
		C6CB0B19279FCC6300A5BD48 /* Assets.xcassets in Resources */ = {isa = PBXBuildFile; fileRef = C6CB0AEE279FCC6200A5BD48 /* Assets.xcassets */; };
/* End PBXBuildFile section */

/* Begin PBXContainerItemProxy section */
		C6CB0B01279FCC6200A5BD48 /* PBXContainerItemProxy */ = {
			isa = PBXContainerItemProxy;
			containerPortal = C6CB0AE7279FCC6100A5BD48 /* Project object */;
			proxyType = 1;
			remoteGlobalIDString = C6CB0AF2279FCC6200A5BD48;
			remoteInfo = "study-swiftui (iOS)";
		};
		C6CB0B0D279FCC6300A5BD48 /* PBXContainerItemProxy */ = {
			isa = PBXContainerItemProxy;
			containerPortal = C6CB0AE7279FCC6100A5BD48 /* Project object */;
			proxyType = 1;
			remoteGlobalIDString = C6CB0AF8279FCC6200A5BD48;
			remoteInfo = "study-swiftui (macOS)";
		};
/* End PBXContainerItemProxy section */

/* Begin PBXFileReference section */
		C6CB0AEC279FCC6100A5BD48 /* study_swiftuiApp.swift */ = {isa = PBXFileReference; lastKnownFileType = sourcecode.swift; path = study_swiftuiApp.swift; sourceTree = "<group>"; };
		C6CB0AED279FCC6100A5BD48 /* ContentView.swift */ = {isa = PBXFileReference; lastKnownFileType = sourcecode.swift; path = ContentView.swift; sourceTree = "<group>"; };
		C6CB0AEE279FCC6200A5BD48 /* Assets.xcassets */ = {isa = PBXFileReference; lastKnownFileType = folder.assetcatalog; path = Assets.xcassets; sourceTree = "<group>"; };
		C6CB0AF3279FCC6200A5BD48 /* study-swiftui.app */ = {isa = PBXFileReference; explicitFileType = wrapper.application; includeInIndex = 0; path = "study-swiftui.app"; sourceTree = BUILT_PRODUCTS_DIR; };
		C6CB0AF9279FCC6200A5BD48 /* study-swiftui.app */ = {isa = PBXFileReference; explicitFileType = wrapper.application; includeInIndex = 0; path = "study-swiftui.app"; sourceTree = BUILT_PRODUCTS_DIR; };
		C6CB0AFB279FCC6200A5BD48 /* macOS.entitlements */ = {isa = PBXFileReference; lastKnownFileType = text.plist.entitlements; path = macOS.entitlements; sourceTree = "<group>"; };
		C6CB0B00279FCC6200A5BD48 /* Tests iOS.xctest */ = {isa = PBXFileReference; explicitFileType = wrapper.cfbundle; includeInIndex = 0; path = "Tests iOS.xctest"; sourceTree = BUILT_PRODUCTS_DIR; };
		C6CB0B04279FCC6200A5BD48 /* Tests_iOS.swift */ = {isa = PBXFileReference; lastKnownFileType = sourcecode.swift; path = Tests_iOS.swift; sourceTree = "<group>"; };
		C6CB0B06279FCC6300A5BD48 /* Tests_iOSLaunchTests.swift */ = {isa = PBXFileReference; lastKnownFileType = sourcecode.swift; path = Tests_iOSLaunchTests.swift; sourceTree = "<group>"; };
		C6CB0B0C279FCC6300A5BD48 /* Tests macOS.xctest */ = {isa = PBXFileReference; explicitFileType = wrapper.cfbundle; includeInIndex = 0; path = "Tests macOS.xctest"; sourceTree = BUILT_PRODUCTS_DIR; };
		C6CB0B10279FCC6300A5BD48 /* Tests_macOS.swift */ = {isa = PBXFileReference; lastKnownFileType = sourcecode.swift; path = Tests_macOS.swift; sourceTree = "<group>"; };
		C6CB0B12279FCC6300A5BD48 /* Tests_macOSLaunchTests.swift */ = {isa = PBXFileReference; lastKnownFileType = sourcecode.swift; path = Tests_macOSLaunchTests.swift; sourceTree = "<group>"; };
/* End PBXFileReference section */

/* Begin PBXFrameworksBuildPhase section */
		C6CB0AF0279FCC6200A5BD48 /* Frameworks */ = {
			isa = PBXFrameworksBuildPhase;
			buildActionMask = 2147483647;
			files = (
			);
			runOnlyForDeploymentPostprocessing = 0;
		};
		C6CB0AF6279FCC6200A5BD48 /* Frameworks */ = {
			isa = PBXFrameworksBuildPhase;
			buildActionMask = 2147483647;
			files = (
			);
			runOnlyForDeploymentPostprocessing = 0;
		};
		C6CB0AFD279FCC6200A5BD48 /* Frameworks */ = {
			isa = PBXFrameworksBuildPhase;
			buildActionMask = 2147483647;
			files = (
			);
			runOnlyForDeploymentPostprocessing = 0;
		};
		C6CB0B09279FCC6300A5BD48 /* Frameworks */ = {
			isa = PBXFrameworksBuildPhase;
			buildActionMask = 2147483647;
			files = (
			);
			runOnlyForDeploymentPostprocessing = 0;
		};
/* End PBXFrameworksBuildPhase section */

/* Begin PBXGroup section */
		C6CB0AE6279FCC6100A5BD48 = {
			isa = PBXGroup;
			children = (
				C6CB0AEB279FCC6100A5BD48 /* Shared */,
				C6CB0AFA279FCC6200A5BD48 /* macOS */,
				C6CB0B03279FCC6200A5BD48 /* Tests iOS */,
				C6CB0B0F279FCC6300A5BD48 /* Tests macOS */,
				C6CB0AF4279FCC6200A5BD48 /* Products */,
			);
			sourceTree = "<group>";
		};
		C6CB0AEB279FCC6100A5BD48 /* Shared */ = {
			isa = PBXGroup;
			children = (
				C6CB0AEC279FCC6100A5BD48 /* study_swiftuiApp.swift */,
				C6CB0AED279FCC6100A5BD48 /* ContentView.swift */,
				C6CB0AEE279FCC6200A5BD48 /* Assets.xcassets */,
			);
			path = Shared;
			sourceTree = "<group>";
		};
		C6CB0AF4279FCC6200A5BD48 /* Products */ = {
			isa = PBXGroup;
			children = (
				C6CB0AF3279FCC6200A5BD48 /* study-swiftui.app */,
				C6CB0AF9279FCC6200A5BD48 /* study-swiftui.app */,
				C6CB0B00279FCC6200A5BD48 /* Tests iOS.xctest */,
				C6CB0B0C279FCC6300A5BD48 /* Tests macOS.xctest */,
			);
			name = Products;
			sourceTree = "<group>";
		};
		C6CB0AFA279FCC6200A5BD48 /* macOS */ = {
			isa = PBXGroup;
			children = (
				C6CB0AFB279FCC6200A5BD48 /* macOS.entitlements */,
			);
			path = macOS;
			sourceTree = "<group>";
		};
		C6CB0B03279FCC6200A5BD48 /* Tests iOS */ = {
			isa = PBXGroup;
			children = (
				C6CB0B04279FCC6200A5BD48 /* Tests_iOS.swift */,
				C6CB0B06279FCC6300A5BD48 /* Tests_iOSLaunchTests.swift */,
			);
			path = "Tests iOS";
			sourceTree = "<group>";
		};
		C6CB0B0F279FCC6300A5BD48 /* Tests macOS */ = {
			isa = PBXGroup;
			children = (
				C6CB0B10279FCC6300A5BD48 /* Tests_macOS.swift */,
				C6CB0B12279FCC6300A5BD48 /* Tests_macOSLaunchTests.swift */,
			);
			path = "Tests macOS";
			sourceTree = "<group>";
		};
/* End PBXGroup section */

/* Begin PBXNativeTarget section */
		C6CB0AF2279FCC6200A5BD48 /* study-swiftui (iOS) */ = {
			isa = PBXNativeTarget;
			buildConfigurationList = C6CB0B1C279FCC6300A5BD48 /* Build configuration list for PBXNativeTarget "study-swiftui (iOS)" */;
			buildPhases = (
				C6CB0AEF279FCC6200A5BD48 /* Sources */,
				C6CB0AF0279FCC6200A5BD48 /* Frameworks */,
				C6CB0AF1279FCC6200A5BD48 /* Resources */,
			);
			buildRules = (
			);
			dependencies = (
			);
			name = "study-swiftui (iOS)";
			productName = "study-swiftui (iOS)";
			productReference = C6CB0AF3279FCC6200A5BD48 /* study-swiftui.app */;
			productType = "com.apple.product-type.application";
		};
		C6CB0AF8279FCC6200A5BD48 /* study-swiftui (macOS) */ = {
			isa = PBXNativeTarget;
			buildConfigurationList = C6CB0B1F279FCC6300A5BD48 /* Build configuration list for PBXNativeTarget "study-swiftui (macOS)" */;
			buildPhases = (
				C6CB0AF5279FCC6200A5BD48 /* Sources */,
				C6CB0AF6279FCC6200A5BD48 /* Frameworks */,
				C6CB0AF7279FCC6200A5BD48 /* Resources */,
			);
			buildRules = (
			);
			dependencies = (
			);
			name = "study-swiftui (macOS)";
			productName = "study-swiftui (macOS)";
			productReference = C6CB0AF9279FCC6200A5BD48 /* study-swiftui.app */;
			productType = "com.apple.product-type.application";
		};
		C6CB0AFF279FCC6200A5BD48 /* Tests iOS */ = {
			isa = PBXNativeTarget;
			buildConfigurationList = C6CB0B22279FCC6300A5BD48 /* Build configuration list for PBXNativeTarget "Tests iOS" */;
			buildPhases = (
				C6CB0AFC279FCC6200A5BD48 /* Sources */,
				C6CB0AFD279FCC6200A5BD48 /* Frameworks */,
				C6CB0AFE279FCC6200A5BD48 /* Resources */,
			);
			buildRules = (
			);
			dependencies = (
				C6CB0B02279FCC6200A5BD48 /* PBXTargetDependency */,
			);
			name = "Tests iOS";
			productName = "Tests iOS";
			productReference = C6CB0B00279FCC6200A5BD48 /* Tests iOS.xctest */;
			productType = "com.apple.product-type.bundle.ui-testing";
		};
		C6CB0B0B279FCC6300A5BD48 /* Tests macOS */ = {
			isa = PBXNativeTarget;
			buildConfigurationList = C6CB0B25279FCC6300A5BD48 /* Build configuration list for PBXNativeTarget "Tests macOS" */;
			buildPhases = (
				C6CB0B08279FCC6300A5BD48 /* Sources */,
				C6CB0B09279FCC6300A5BD48 /* Frameworks */,
				C6CB0B0A279FCC6300A5BD48 /* Resources */,
			);
			buildRules = (
			);
			dependencies = (
				C6CB0B0E279FCC6300A5BD48 /* PBXTargetDependency */,
			);
			name = "Tests macOS";
			productName = "Tests macOS";
			productReference = C6CB0B0C279FCC6300A5BD48 /* Tests macOS.xctest */;
			productType = "com.apple.product-type.bundle.ui-testing";
		};
/* End PBXNativeTarget section */

/* Begin PBXProject section */
		C6CB0AE7279FCC6100A5BD48 /* Project object */ = {
			isa = PBXProject;
			attributes = {
				BuildIndependentTargetsInParallel = 1;
				LastSwiftUpdateCheck = 1320;
				LastUpgradeCheck = 1320;
				TargetAttributes = {
					C6CB0AF2279FCC6200A5BD48 = {
						CreatedOnToolsVersion = 13.2.1;
					};
					C6CB0AF8279FCC6200A5BD48 = {
						CreatedOnToolsVersion = 13.2.1;
					};
					C6CB0AFF279FCC6200A5BD48 = {
						CreatedOnToolsVersion = 13.2.1;
						TestTargetID = C6CB0AF2279FCC6200A5BD48;
					};
					C6CB0B0B279FCC6300A5BD48 = {
						CreatedOnToolsVersion = 13.2.1;
						TestTargetID = C6CB0AF8279FCC6200A5BD48;
					};
				};
			};
			buildConfigurationList = C6CB0AEA279FCC6100A5BD48 /* Build configuration list for PBXProject "study-swiftui" */;
			compatibilityVersion = "Xcode 13.0";
			developmentRegion = en;
			hasScannedForEncodings = 0;
			knownRegions = (
				en,
				Base,
			);
			mainGroup = C6CB0AE6279FCC6100A5BD48;
			productRefGroup = C6CB0AF4279FCC6200A5BD48 /* Products */;
			projectDirPath = "";
			projectRoot = "";
			targets = (
				C6CB0AF2279FCC6200A5BD48 /* study-swiftui (iOS) */,
				C6CB0AF8279FCC6200A5BD48 /* study-swiftui (macOS) */,
				C6CB0AFF279FCC6200A5BD48 /* Tests iOS */,
				C6CB0B0B279FCC6300A5BD48 /* Tests macOS */,
			);
		};
/* End PBXProject section */

/* Begin PBXResourcesBuildPhase section */
		C6CB0AF1279FCC6200A5BD48 /* Resources */ = {
			isa = PBXResourcesBuildPhase;
			buildActionMask = 2147483647;
			files = (
				C6CB0B18279FCC6300A5BD48 /* Assets.xcassets in Resources */,
			);
			runOnlyForDeploymentPostprocessing = 0;
		};
		C6CB0AF7279FCC6200A5BD48 /* Resources */ = {
			isa = PBXResourcesBuildPhase;
			buildActionMask = 2147483647;
			files = (
				C6CB0B19279FCC6300A5BD48 /* Assets.xcassets in Resources */,
			);
			runOnlyForDeploymentPostprocessing = 0;
		};
		C6CB0AFE279FCC6200A5BD48 /* Resources */ = {
			isa = PBXResourcesBuildPhase;
			buildActionMask = 2147483647;
			files = (
			);
			runOnlyForDeploymentPostprocessing = 0;
		};
		C6CB0B0A279FCC6300A5BD48 /* Resources */ = {
			isa = PBXResourcesBuildPhase;
			buildActionMask = 2147483647;
			files = (
			);
			runOnlyForDeploymentPostprocessing = 0;
		};
/* End PBXResourcesBuildPhase section */

/* Begin PBXSourcesBuildPhase section */
		C6CB0AEF279FCC6200A5BD48 /* Sources */ = {
			isa = PBXSourcesBuildPhase;
			buildActionMask = 2147483647;
			files = (
				C6CB0B16279FCC6300A5BD48 /* ContentView.swift in Sources */,
				C6CB0B14279FCC6300A5BD48 /* study_swiftuiApp.swift in Sources */,
			);
			runOnlyForDeploymentPostprocessing = 0;
		};
		C6CB0AF5279FCC6200A5BD48 /* Sources */ = {
			isa = PBXSourcesBuildPhase;
			buildActionMask = 2147483647;
			files = (
				C6CB0B17279FCC6300A5BD48 /* ContentView.swift in Sources */,
				C6CB0B15279FCC6300A5BD48 /* study_swiftuiApp.swift in Sources */,
			);
			runOnlyForDeploymentPostprocessing = 0;
		};
		C6CB0AFC279FCC6200A5BD48 /* Sources */ = {
			isa = PBXSourcesBuildPhase;
			buildActionMask = 2147483647;
			files = (
				C6CB0B07279FCC6300A5BD48 /* Tests_iOSLaunchTests.swift in Sources */,
				C6CB0B05279FCC6200A5BD48 /* Tests_iOS.swift in Sources */,
			);
			runOnlyForDeploymentPostprocessing = 0;
		};
		C6CB0B08279FCC6300A5BD48 /* Sources */ = {
			isa = PBXSourcesBuildPhase;
			buildActionMask = 2147483647;
			files = (
				C6CB0B13279FCC6300A5BD48 /* Tests_macOSLaunchTests.swift in Sources */,
				C6CB0B11279FCC6300A5BD48 /* Tests_macOS.swift in Sources */,
			);
			runOnlyForDeploymentPostprocessing = 0;
		};
/* End PBXSourcesBuildPhase section */

/* Begin PBXTargetDependency section */
		C6CB0B02279FCC6200A5BD48 /* PBXTargetDependency */ = {
			isa = PBXTargetDependency;
			target = C6CB0AF2279FCC6200A5BD48 /* study-swiftui (iOS) */;
			targetProxy = C6CB0B01279FCC6200A5BD48 /* PBXContainerItemProxy */;
		};
		C6CB0B0E279FCC6300A5BD48 /* PBXTargetDependency */ = {
			isa = PBXTargetDependency;
			target = C6CB0AF8279FCC6200A5BD48 /* study-swiftui (macOS) */;
			targetProxy = C6CB0B0D279FCC6300A5BD48 /* PBXContainerItemProxy */;
		};
/* End PBXTargetDependency section */

/* Begin XCBuildConfiguration section */
		C6CB0B1A279FCC6300A5BD48 /* Debug */ = {
			isa = XCBuildConfiguration;
			buildSettings = {
				ALWAYS_SEARCH_USER_PATHS = NO;
				CLANG_ANALYZER_NONNULL = YES;
				CLANG_ANALYZER_NUMBER_OBJECT_CONVERSION = YES_AGGRESSIVE;
				CLANG_CXX_LANGUAGE_STANDARD = "gnu++17";
				CLANG_CXX_LIBRARY = "libc++";
				CLANG_ENABLE_MODULES = YES;
				CLANG_ENABLE_OBJC_ARC = YES;
				CLANG_ENABLE_OBJC_WEAK = YES;
				CLANG_WARN_BLOCK_CAPTURE_AUTORELEASING = YES;
				CLANG_WARN_BOOL_CONVERSION = YES;
				CLANG_WARN_COMMA = YES;
				CLANG_WARN_CONSTANT_CONVERSION = YES;
				CLANG_WARN_DEPRECATED_OBJC_IMPLEMENTATIONS = YES;
				CLANG_WARN_DIRECT_OBJC_ISA_USAGE = YES_ERROR;
				CLANG_WARN_DOCUMENTATION_COMMENTS = YES;
				CLANG_WARN_EMPTY_BODY = YES;
				CLANG_WARN_ENUM_CONVERSION = YES;
				CLANG_WARN_INFINITE_RECURSION = YES;
				CLANG_WARN_INT_CONVERSION = YES;
				CLANG_WARN_NON_LITERAL_NULL_CONVERSION = YES;
				CLANG_WARN_OBJC_IMPLICIT_RETAIN_SELF = YES;
				CLANG_WARN_OBJC_LITERAL_CONVERSION = YES;
				CLANG_WARN_OBJC_ROOT_CLASS = YES_ERROR;
				CLANG_WARN_QUOTED_INCLUDE_IN_FRAMEWORK_HEADER = YES;
				CLANG_WARN_RANGE_LOOP_ANALYSIS = YES;
				CLANG_WARN_STRICT_PROTOTYPES = YES;
				CLANG_WARN_SUSPICIOUS_MOVE = YES;
				CLANG_WARN_UNGUARDED_AVAILABILITY = YES_AGGRESSIVE;
				CLANG_WARN_UNREACHABLE_CODE = YES;
				CLANG_WARN__DUPLICATE_METHOD_MATCH = YES;
				COPY_PHASE_STRIP = NO;
				DEBUG_INFORMATION_FORMAT = dwarf;
				ENABLE_STRICT_OBJC_MSGSEND = YES;
				ENABLE_TESTABILITY = YES;
				GCC_C_LANGUAGE_STANDARD = gnu11;
				GCC_DYNAMIC_NO_PIC = NO;
				GCC_NO_COMMON_BLOCKS = YES;
				GCC_OPTIMIZATION_LEVEL = 0;
				GCC_PREPROCESSOR_DEFINITIONS = (
					"DEBUG=1",
					"$(inherited)",
				);
				GCC_WARN_64_TO_32_BIT_CONVERSION = YES;
				GCC_WARN_ABOUT_RETURN_TYPE = YES_ERROR;
				GCC_WARN_UNDECLARED_SELECTOR = YES;
				GCC_WARN_UNINITIALIZED_AUTOS = YES_AGGRESSIVE;
				GCC_WARN_UNUSED_FUNCTION = YES;
				GCC_WARN_UNUSED_VARIABLE = YES;
				MTL_ENABLE_DEBUG_INFO = INCLUDE_SOURCE;
				MTL_FAST_MATH = YES;
				ONLY_ACTIVE_ARCH = YES;
				SWIFT_ACTIVE_COMPILATION_CONDITIONS = DEBUG;
				SWIFT_OPTIMIZATION_LEVEL = "-Onone";
			};
			name = Debug;
		};
		C6CB0B1B279FCC6300A5BD48 /* Release */ = {
			isa = XCBuildConfiguration;
			buildSettings = {
				ALWAYS_SEARCH_USER_PATHS = NO;
				CLANG_ANALYZER_NONNULL = YES;
				CLANG_ANALYZER_NUMBER_OBJECT_CONVERSION = YES_AGGRESSIVE;
				CLANG_CXX_LANGUAGE_STANDARD = "gnu++17";
				CLANG_CXX_LIBRARY = "libc++";
				CLANG_ENABLE_MODULES = YES;
				CLANG_ENABLE_OBJC_ARC = YES;
				CLANG_ENABLE_OBJC_WEAK = YES;
				CLANG_WARN_BLOCK_CAPTURE_AUTORELEASING = YES;
				CLANG_WARN_BOOL_CONVERSION = YES;
				CLANG_WARN_COMMA = YES;
				CLANG_WARN_CONSTANT_CONVERSION = YES;
				CLANG_WARN_DEPRECATED_OBJC_IMPLEMENTATIONS = YES;
				CLANG_WARN_DIRECT_OBJC_ISA_USAGE = YES_ERROR;
				CLANG_WARN_DOCUMENTATION_COMMENTS = YES;
				CLANG_WARN_EMPTY_BODY = YES;
				CLANG_WARN_ENUM_CONVERSION = YES;
				CLANG_WARN_INFINITE_RECURSION = YES;
				CLANG_WARN_INT_CONVERSION = YES;
				CLANG_WARN_NON_LITERAL_NULL_CONVERSION = YES;
				CLANG_WARN_OBJC_IMPLICIT_RETAIN_SELF = YES;
				CLANG_WARN_OBJC_LITERAL_CONVERSION = YES;
				CLANG_WARN_OBJC_ROOT_CLASS = YES_ERROR;
				CLANG_WARN_QUOTED_INCLUDE_IN_FRAMEWORK_HEADER = YES;
				CLANG_WARN_RANGE_LOOP_ANALYSIS = YES;
				CLANG_WARN_STRICT_PROTOTYPES = YES;
				CLANG_WARN_SUSPICIOUS_MOVE = YES;
				CLANG_WARN_UNGUARDED_AVAILABILITY = YES_AGGRESSIVE;
				CLANG_WARN_UNREACHABLE_CODE = YES;
				CLANG_WARN__DUPLICATE_METHOD_MATCH = YES;
				COPY_PHASE_STRIP = NO;
				DEBUG_INFORMATION_FORMAT = "dwarf-with-dsym";
				ENABLE_NS_ASSERTIONS = NO;
				ENABLE_STRICT_OBJC_MSGSEND = YES;
				GCC_C_LANGUAGE_STANDARD = gnu11;
				GCC_NO_COMMON_BLOCKS = YES;
				GCC_WARN_64_TO_32_BIT_CONVERSION = YES;
				GCC_WARN_ABOUT_RETURN_TYPE = YES_ERROR;
				GCC_WARN_UNDECLARED_SELECTOR = YES;
				GCC_WARN_UNINITIALIZED_AUTOS = YES_AGGRESSIVE;
				GCC_WARN_UNUSED_FUNCTION = YES;
				GCC_WARN_UNUSED_VARIABLE = YES;
				MTL_ENABLE_DEBUG_INFO = NO;
				MTL_FAST_MATH = YES;
				SWIFT_COMPILATION_MODE = wholemodule;
				SWIFT_OPTIMIZATION_LEVEL = "-O";
			};
			name = Release;
		};
		C6CB0B1D279FCC6300A5BD48 /* Debug */ = {
			isa = XCBuildConfiguration;
			buildSettings = {
				ASSETCATALOG_COMPILER_APPICON_NAME = AppIcon;
				ASSETCATALOG_COMPILER_GLOBAL_ACCENT_COLOR_NAME = AccentColor;
				CODE_SIGN_STYLE = Automatic;
				CURRENT_PROJECT_VERSION = 1;
				DEVELOPMENT_TEAM = VYRPMPLA9F;
				ENABLE_PREVIEWS = YES;
				GENERATE_INFOPLIST_FILE = YES;
				INFOPLIST_KEY_UIApplicationSceneManifest_Generation = YES;
				INFOPLIST_KEY_UIApplicationSupportsIndirectInputEvents = YES;
				INFOPLIST_KEY_UILaunchScreen_Generation = YES;
				INFOPLIST_KEY_UISupportedInterfaceOrientations_iPad = "UIInterfaceOrientationPortrait UIInterfaceOrientationPortraitUpsideDown UIInterfaceOrientationLandscapeLeft UIInterfaceOrientationLandscapeRight";
				INFOPLIST_KEY_UISupportedInterfaceOrientations_iPhone = "UIInterfaceOrientationPortrait UIInterfaceOrientationLandscapeLeft UIInterfaceOrientationLandscapeRight";
				IPHONEOS_DEPLOYMENT_TARGET = 15.2;
				LD_RUNPATH_SEARCH_PATHS = (
					"$(inherited)",
					"@executable_path/Frameworks",
				);
				MARKETING_VERSION = 1.0;
				PRODUCT_BUNDLE_IDENTIFIER = "com.canisterism.study-swiftui";
				PRODUCT_NAME = "study-swiftui";
				SDKROOT = iphoneos;
				SWIFT_EMIT_LOC_STRINGS = YES;
				SWIFT_VERSION = 5.0;
				TARGETED_DEVICE_FAMILY = "1,2";
			};
			name = Debug;
		};
		C6CB0B1E279FCC6300A5BD48 /* Release */ = {
			isa = XCBuildConfiguration;
			buildSettings = {
				ASSETCATALOG_COMPILER_APPICON_NAME = AppIcon;
				ASSETCATALOG_COMPILER_GLOBAL_ACCENT_COLOR_NAME = AccentColor;
				CODE_SIGN_STYLE = Automatic;
				CURRENT_PROJECT_VERSION = 1;
				DEVELOPMENT_TEAM = VYRPMPLA9F;
				ENABLE_PREVIEWS = YES;
				GENERATE_INFOPLIST_FILE = YES;
				INFOPLIST_KEY_UIApplicationSceneManifest_Generation = YES;
				INFOPLIST_KEY_UIApplicationSupportsIndirectInputEvents = YES;
				INFOPLIST_KEY_UILaunchScreen_Generation = YES;
				INFOPLIST_KEY_UISupportedInterfaceOrientations_iPad = "UIInterfaceOrientationPortrait UIInterfaceOrientationPortraitUpsideDown UIInterfaceOrientationLandscapeLeft UIInterfaceOrientationLandscapeRight";
				INFOPLIST_KEY_UISupportedInterfaceOrientations_iPhone = "UIInterfaceOrientationPortrait UIInterfaceOrientationLandscapeLeft UIInterfaceOrientationLandscapeRight";
				IPHONEOS_DEPLOYMENT_TARGET = 15.2;
				LD_RUNPATH_SEARCH_PATHS = (
					"$(inherited)",
					"@executable_path/Frameworks",
				);
				MARKETING_VERSION = 1.0;
				PRODUCT_BUNDLE_IDENTIFIER = "com.canisterism.study-swiftui";
				PRODUCT_NAME = "study-swiftui";
				SDKROOT = iphoneos;
				SWIFT_EMIT_LOC_STRINGS = YES;
				SWIFT_VERSION = 5.0;
				TARGETED_DEVICE_FAMILY = "1,2";
				VALIDATE_PRODUCT = YES;
			};
			name = Release;
		};
		C6CB0B20279FCC6300A5BD48 /* Debug */ = {
			isa = XCBuildConfiguration;
			buildSettings = {
				ASSETCATALOG_COMPILER_APPICON_NAME = AppIcon;
				ASSETCATALOG_COMPILER_GLOBAL_ACCENT_COLOR_NAME = AccentColor;
				CODE_SIGN_ENTITLEMENTS = macOS/macOS.entitlements;
				CODE_SIGN_STYLE = Automatic;
				COMBINE_HIDPI_IMAGES = YES;
				CURRENT_PROJECT_VERSION = 1;
				DEVELOPMENT_TEAM = VYRPMPLA9F;
				ENABLE_HARDENED_RUNTIME = YES;
				ENABLE_PREVIEWS = YES;
				GENERATE_INFOPLIST_FILE = YES;
				INFOPLIST_KEY_NSHumanReadableCopyright = "";
				LD_RUNPATH_SEARCH_PATHS = (
					"$(inherited)",
					"@executable_path/../Frameworks",
				);
				MACOSX_DEPLOYMENT_TARGET = 12.1;
				MARKETING_VERSION = 1.0;
				PRODUCT_BUNDLE_IDENTIFIER = "com.canisterism.study-swiftui";
				PRODUCT_NAME = "study-swiftui";
				SDKROOT = macosx;
				SWIFT_EMIT_LOC_STRINGS = YES;
				SWIFT_VERSION = 5.0;
			};
			name = Debug;
		};
		C6CB0B21279FCC6300A5BD48 /* Release */ = {
			isa = XCBuildConfiguration;
			buildSettings = {
				ASSETCATALOG_COMPILER_APPICON_NAME = AppIcon;
				ASSETCATALOG_COMPILER_GLOBAL_ACCENT_COLOR_NAME = AccentColor;
				CODE_SIGN_ENTITLEMENTS = macOS/macOS.entitlements;
				CODE_SIGN_STYLE = Automatic;
				COMBINE_HIDPI_IMAGES = YES;
				CURRENT_PROJECT_VERSION = 1;
				DEVELOPMENT_TEAM = VYRPMPLA9F;
				ENABLE_HARDENED_RUNTIME = YES;
				ENABLE_PREVIEWS = YES;
				GENERATE_INFOPLIST_FILE = YES;
				INFOPLIST_KEY_NSHumanReadableCopyright = "";
				LD_RUNPATH_SEARCH_PATHS = (
					"$(inherited)",
					"@executable_path/../Frameworks",
				);
				MACOSX_DEPLOYMENT_TARGET = 12.1;
				MARKETING_VERSION = 1.0;
				PRODUCT_BUNDLE_IDENTIFIER = "com.canisterism.study-swiftui";
				PRODUCT_NAME = "study-swiftui";
				SDKROOT = macosx;
				SWIFT_EMIT_LOC_STRINGS = YES;
				SWIFT_VERSION = 5.0;
			};
			name = Release;
		};
		C6CB0B23279FCC6300A5BD48 /* Debug */ = {
			isa = XCBuildConfiguration;
			buildSettings = {
				ALWAYS_EMBED_SWIFT_STANDARD_LIBRARIES = YES;
				CODE_SIGN_STYLE = Automatic;
				CURRENT_PROJECT_VERSION = 1;
				DEVELOPMENT_TEAM = VYRPMPLA9F;
				GENERATE_INFOPLIST_FILE = YES;
				IPHONEOS_DEPLOYMENT_TARGET = 15.2;
				MARKETING_VERSION = 1.0;
				PRODUCT_BUNDLE_IDENTIFIER = "com.canisterism.Tests-iOS";
				PRODUCT_NAME = "$(TARGET_NAME)";
				SDKROOT = iphoneos;
				SWIFT_EMIT_LOC_STRINGS = NO;
				SWIFT_VERSION = 5.0;
				TARGETED_DEVICE_FAMILY = "1,2";
				TEST_TARGET_NAME = "study-swiftui (iOS)";
			};
			name = Debug;
		};
		C6CB0B24279FCC6300A5BD48 /* Release */ = {
			isa = XCBuildConfiguration;
			buildSettings = {
				ALWAYS_EMBED_SWIFT_STANDARD_LIBRARIES = YES;
				CODE_SIGN_STYLE = Automatic;
				CURRENT_PROJECT_VERSION = 1;
				DEVELOPMENT_TEAM = VYRPMPLA9F;
				GENERATE_INFOPLIST_FILE = YES;
				IPHONEOS_DEPLOYMENT_TARGET = 15.2;
				MARKETING_VERSION = 1.0;
				PRODUCT_BUNDLE_IDENTIFIER = "com.canisterism.Tests-iOS";
				PRODUCT_NAME = "$(TARGET_NAME)";
				SDKROOT = iphoneos;
				SWIFT_EMIT_LOC_STRINGS = NO;
				SWIFT_VERSION = 5.0;
				TARGETED_DEVICE_FAMILY = "1,2";
				TEST_TARGET_NAME = "study-swiftui (iOS)";
				VALIDATE_PRODUCT = YES;
			};
			name = Release;
		};
		C6CB0B26279FCC6300A5BD48 /* Debug */ = {
			isa = XCBuildConfiguration;
			buildSettings = {
				ALWAYS_EMBED_SWIFT_STANDARD_LIBRARIES = YES;
				CODE_SIGN_STYLE = Automatic;
				CURRENT_PROJECT_VERSION = 1;
				DEVELOPMENT_TEAM = VYRPMPLA9F;
				GENERATE_INFOPLIST_FILE = YES;
				MACOSX_DEPLOYMENT_TARGET = 12.1;
				MARKETING_VERSION = 1.0;
				PRODUCT_BUNDLE_IDENTIFIER = "com.canisterism.Tests-macOS";
				PRODUCT_NAME = "$(TARGET_NAME)";
				SDKROOT = macosx;
				SWIFT_EMIT_LOC_STRINGS = NO;
				SWIFT_VERSION = 5.0;
				TEST_TARGET_NAME = "study-swiftui (macOS)";
			};
			name = Debug;
		};
		C6CB0B27279FCC6300A5BD48 /* Release */ = {
			isa = XCBuildConfiguration;
			buildSettings = {
				ALWAYS_EMBED_SWIFT_STANDARD_LIBRARIES = YES;
				CODE_SIGN_STYLE = Automatic;
				CURRENT_PROJECT_VERSION = 1;
				DEVELOPMENT_TEAM = VYRPMPLA9F;
				GENERATE_INFOPLIST_FILE = YES;
				MACOSX_DEPLOYMENT_TARGET = 12.1;
				MARKETING_VERSION = 1.0;
				PRODUCT_BUNDLE_IDENTIFIER = "com.canisterism.Tests-macOS";
				PRODUCT_NAME = "$(TARGET_NAME)";
				SDKROOT = macosx;
				SWIFT_EMIT_LOC_STRINGS = NO;
				SWIFT_VERSION = 5.0;
				TEST_TARGET_NAME = "study-swiftui (macOS)";
			};
			name = Release;
		};
/* End XCBuildConfiguration section */

/* Begin XCConfigurationList section */
		C6CB0AEA279FCC6100A5BD48 /* Build configuration list for PBXProject "study-swiftui" */ = {
			isa = XCConfigurationList;
			buildConfigurations = (
				C6CB0B1A279FCC6300A5BD48 /* Debug */,
				C6CB0B1B279FCC6300A5BD48 /* Release */,
			);
			defaultConfigurationIsVisible = 0;
			defaultConfigurationName = Release;
		};
		C6CB0B1C279FCC6300A5BD48 /* Build configuration list for PBXNativeTarget "study-swiftui (iOS)" */ = {
			isa = XCConfigurationList;
			buildConfigurations = (
				C6CB0B1D279FCC6300A5BD48 /* Debug */,
				C6CB0B1E279FCC6300A5BD48 /* Release */,
			);
			defaultConfigurationIsVisible = 0;
			defaultConfigurationName = Release;
		};
		C6CB0B1F279FCC6300A5BD48 /* Build configuration list for PBXNativeTarget "study-swiftui (macOS)" */ = {
			isa = XCConfigurationList;
			buildConfigurations = (
				C6CB0B20279FCC6300A5BD48 /* Debug */,
				C6CB0B21279FCC6300A5BD48 /* Release */,
			);
			defaultConfigurationIsVisible = 0;
			defaultConfigurationName = Release;
		};
		C6CB0B22279FCC6300A5BD48 /* Build configuration list for PBXNativeTarget "Tests iOS" */ = {
			isa = XCConfigurationList;
			buildConfigurations = (
				C6CB0B23279FCC6300A5BD48 /* Debug */,
				C6CB0B24279FCC6300A5BD48 /* Release */,
			);
			defaultConfigurationIsVisible = 0;
			defaultConfigurationName = Release;
		};
		C6CB0B25279FCC6300A5BD48 /* Build configuration list for PBXNativeTarget "Tests macOS" */ = {
			isa = XCConfigurationList;
			buildConfigurations = (
				C6CB0B26279FCC6300A5BD48 /* Debug */,
				C6CB0B27279FCC6300A5BD48 /* Release */,
			);
			defaultConfigurationIsVisible = 0;
			defaultConfigurationName = Release;
		};
/* End XCConfigurationList section */
	};
	rootObject = C6CB0AE7279FCC6100A5BD48 /* Project object */;
}
